// !$*UTF8*$!
{
	archiveVersion = 1;
	classes = {
	};
	objectVersion = 56;
	objects = {

/* Begin PBXBuildFile section */
		13AC297F292D169800686AFB /* AppDelegate.swift in Sources */ = {isa = PBXBuildFile; fileRef = 13AC297E292D169800686AFB /* AppDelegate.swift */; };
		13AC2981292D169800686AFB /* SceneDelegate.swift in Sources */ = {isa = PBXBuildFile; fileRef = 13AC2980292D169800686AFB /* SceneDelegate.swift */; };
		13AC2983292D169800686AFB /* ViewController.swift in Sources */ = {isa = PBXBuildFile; fileRef = 13AC2982292D169800686AFB /* ViewController.swift */; };
		13AC2986292D169800686AFB /* Main.storyboard in Resources */ = {isa = PBXBuildFile; fileRef = 13AC2984292D169800686AFB /* Main.storyboard */; };
		13AC2988292D169A00686AFB /* Assets.xcassets in Resources */ = {isa = PBXBuildFile; fileRef = 13AC2987292D169A00686AFB /* Assets.xcassets */; };
		13AC298B292D169A00686AFB /* LaunchScreen.storyboard in Resources */ = {isa = PBXBuildFile; fileRef = 13AC2989292D169A00686AFB /* LaunchScreen.storyboard */; };
		13AC2994292D198700686AFB /* DefaultApiQueryManager.swift in Sources */ = {isa = PBXBuildFile; fileRef = 13AC2993292D198700686AFB /* DefaultApiQueryManager.swift */; };
		13AC2998292D1AB000686AFB /* ApiService.swift in Sources */ = {isa = PBXBuildFile; fileRef = 13AC2997292D1AB000686AFB /* ApiService.swift */; };
		13AC299B292D1B1900686AFB /* AsyncHttpFetcher.swift in Sources */ = {isa = PBXBuildFile; fileRef = 13AC299A292D1B1900686AFB /* AsyncHttpFetcher.swift */; };
		13AC299D292D1C7D00686AFB /* Api.swift in Sources */ = {isa = PBXBuildFile; fileRef = 13AC299C292D1C7D00686AFB /* Api.swift */; };
		13AC29A0292D1D1100686AFB /* GenericApi.swift in Sources */ = {isa = PBXBuildFile; fileRef = 13AC299F292D1D1100686AFB /* GenericApi.swift */; };
		13AC29A3292D1E0300686AFB /* PokemonEndpoint.swift in Sources */ = {isa = PBXBuildFile; fileRef = 13AC29A2292D1E0300686AFB /* PokemonEndpoint.swift */; };
		13E4D0FD292D26E3008F48DF /* Model.swift in Sources */ = {isa = PBXBuildFile; fileRef = 13E4D0FC292D26E3008F48DF /* Model.swift */; };
/* End PBXBuildFile section */

/* Begin PBXFileReference section */
		13AC297B292D169800686AFB /* exampleApi.app */ = {isa = PBXFileReference; explicitFileType = wrapper.application; includeInIndex = 0; path = exampleApi.app; sourceTree = BUILT_PRODUCTS_DIR; };
		13AC297E292D169800686AFB /* AppDelegate.swift */ = {isa = PBXFileReference; lastKnownFileType = sourcecode.swift; path = AppDelegate.swift; sourceTree = "<group>"; };
		13AC2980292D169800686AFB /* SceneDelegate.swift */ = {isa = PBXFileReference; lastKnownFileType = sourcecode.swift; path = SceneDelegate.swift; sourceTree = "<group>"; };
		13AC2982292D169800686AFB /* ViewController.swift */ = {isa = PBXFileReference; lastKnownFileType = sourcecode.swift; path = ViewController.swift; sourceTree = "<group>"; };
		13AC2985292D169800686AFB /* Base */ = {isa = PBXFileReference; lastKnownFileType = file.storyboard; name = Base; path = Base.lproj/Main.storyboard; sourceTree = "<group>"; };
		13AC2987292D169A00686AFB /* Assets.xcassets */ = {isa = PBXFileReference; lastKnownFileType = folder.assetcatalog; path = Assets.xcassets; sourceTree = "<group>"; };
		13AC298A292D169A00686AFB /* Base */ = {isa = PBXFileReference; lastKnownFileType = file.storyboard; name = Base; path = Base.lproj/LaunchScreen.storyboard; sourceTree = "<group>"; };
		13AC298C292D169A00686AFB /* Info.plist */ = {isa = PBXFileReference; lastKnownFileType = text.plist.xml; path = Info.plist; sourceTree = "<group>"; };
		13AC2993292D198700686AFB /* DefaultApiQueryManager.swift */ = {isa = PBXFileReference; lastKnownFileType = sourcecode.swift; path = DefaultApiQueryManager.swift; sourceTree = "<group>"; };
		13AC2997292D1AB000686AFB /* ApiService.swift */ = {isa = PBXFileReference; lastKnownFileType = sourcecode.swift; path = ApiService.swift; sourceTree = "<group>"; };
		13AC299A292D1B1900686AFB /* AsyncHttpFetcher.swift */ = {isa = PBXFileReference; lastKnownFileType = sourcecode.swift; path = AsyncHttpFetcher.swift; sourceTree = "<group>"; };
		13AC299C292D1C7D00686AFB /* Api.swift */ = {isa = PBXFileReference; lastKnownFileType = sourcecode.swift; path = Api.swift; sourceTree = "<group>"; };
		13AC299F292D1D1100686AFB /* GenericApi.swift */ = {isa = PBXFileReference; lastKnownFileType = sourcecode.swift; path = GenericApi.swift; sourceTree = "<group>"; };
		13AC29A2292D1E0300686AFB /* PokemonEndpoint.swift */ = {isa = PBXFileReference; lastKnownFileType = sourcecode.swift; path = PokemonEndpoint.swift; sourceTree = "<group>"; };
		13E4D0FC292D26E3008F48DF /* Model.swift */ = {isa = PBXFileReference; lastKnownFileType = sourcecode.swift; path = Model.swift; sourceTree = "<group>"; };
/* End PBXFileReference section */

/* Begin PBXFrameworksBuildPhase section */
		13AC2978292D169800686AFB /* Frameworks */ = {
			isa = PBXFrameworksBuildPhase;
			buildActionMask = 2147483647;
			files = (
			);
			runOnlyForDeploymentPostprocessing = 0;
		};
/* End PBXFrameworksBuildPhase section */

/* Begin PBXGroup section */
		13AC2972292D169800686AFB = {
			isa = PBXGroup;
			children = (
				13AC297D292D169800686AFB /* exampleApi */,
				13AC297C292D169800686AFB /* Products */,
			);
			sourceTree = "<group>";
		};
		13AC297C292D169800686AFB /* Products */ = {
			isa = PBXGroup;
			children = (
				13AC297B292D169800686AFB /* exampleApi.app */,
			);
			name = Products;
			sourceTree = "<group>";
		};
		13AC297D292D169800686AFB /* exampleApi */ = {
			isa = PBXGroup;
			children = (
				13AC2992292D196E00686AFB /* Api */,
				13AC297E292D169800686AFB /* AppDelegate.swift */,
				13AC2980292D169800686AFB /* SceneDelegate.swift */,
				13AC2982292D169800686AFB /* ViewController.swift */,
				13AC2984292D169800686AFB /* Main.storyboard */,
				13AC2987292D169A00686AFB /* Assets.xcassets */,
				13AC2989292D169A00686AFB /* LaunchScreen.storyboard */,
				13AC298C292D169A00686AFB /* Info.plist */,
			);
			path = exampleApi;
			sourceTree = "<group>";
		};
		13AC2992292D196E00686AFB /* Api */ = {
			isa = PBXGroup;
			children = (
				13E4D0FE292D26E9008F48DF /* Models */,
				13AC299E292D1CF500686AFB /* ConfigApi */,
				13AC2999292D1AF600686AFB /* Network */,
				13AC2997292D1AB000686AFB /* ApiService.swift */,
			);
			path = Api;
			sourceTree = "<group>";
		};
		13AC2999292D1AF600686AFB /* Network */ = {
			isa = PBXGroup;
			children = (
				13AC2993292D198700686AFB /* DefaultApiQueryManager.swift */,
				13AC299A292D1B1900686AFB /* AsyncHttpFetcher.swift */,
			);
			path = Network;
			sourceTree = "<group>";
		};
		13AC299E292D1CF500686AFB /* ConfigApi */ = {
			isa = PBXGroup;
			children = (
				13AC299F292D1D1100686AFB /* GenericApi.swift */,
				13AC299C292D1C7D00686AFB /* Api.swift */,
				13AC29A2292D1E0300686AFB /* PokemonEndpoint.swift */,
			);
			path = ConfigApi;
			sourceTree = "<group>";
		};
		13E4D0FE292D26E9008F48DF /* Models */ = {
			isa = PBXGroup;
			children = (
				13E4D0FC292D26E3008F48DF /* Model.swift */,
			);
			path = Models;
			sourceTree = "<group>";
		};
/* End PBXGroup section */

/* Begin PBXNativeTarget section */
		13AC297A292D169800686AFB /* exampleApi */ = {
			isa = PBXNativeTarget;
			buildConfigurationList = 13AC298F292D169A00686AFB /* Build configuration list for PBXNativeTarget "exampleApi" */;
			buildPhases = (
				13AC2977292D169800686AFB /* Sources */,
				13AC2978292D169800686AFB /* Frameworks */,
				13AC2979292D169800686AFB /* Resources */,
			);
			buildRules = (
			);
			dependencies = (
			);
			name = exampleApi;
			productName = exampleApi;
			productReference = 13AC297B292D169800686AFB /* exampleApi.app */;
			productType = "com.apple.product-type.application";
		};
/* End PBXNativeTarget section */

/* Begin PBXProject section */
		13AC2973292D169800686AFB /* Project object */ = {
			isa = PBXProject;
			attributes = {
				BuildIndependentTargetsInParallel = 1;
				LastSwiftUpdateCheck = 1410;
				LastUpgradeCheck = 1410;
				TargetAttributes = {
					13AC297A292D169800686AFB = {
						CreatedOnToolsVersion = 14.1;
					};
				};
			};
			buildConfigurationList = 13AC2976292D169800686AFB /* Build configuration list for PBXProject "exampleApi" */;
			compatibilityVersion = "Xcode 14.0";
			developmentRegion = en;
			hasScannedForEncodings = 0;
			knownRegions = (
				en,
				Base,
			);
			mainGroup = 13AC2972292D169800686AFB;
			productRefGroup = 13AC297C292D169800686AFB /* Products */;
			projectDirPath = "";
			projectRoot = "";
			targets = (
				13AC297A292D169800686AFB /* exampleApi */,
			);
		};
/* End PBXProject section */

/* Begin PBXResourcesBuildPhase section */
		13AC2979292D169800686AFB /* Resources */ = {
			isa = PBXResourcesBuildPhase;
			buildActionMask = 2147483647;
			files = (
				13AC298B292D169A00686AFB /* LaunchScreen.storyboard in Resources */,
				13AC2988292D169A00686AFB /* Assets.xcassets in Resources */,
				13AC2986292D169800686AFB /* Main.storyboard in Resources */,
			);
			runOnlyForDeploymentPostprocessing = 0;
		};
/* End PBXResourcesBuildPhase section */

/* Begin PBXSourcesBuildPhase section */
		13AC2977292D169800686AFB /* Sources */ = {
			isa = PBXSourcesBuildPhase;
			buildActionMask = 2147483647;
			files = (
				13AC29A0292D1D1100686AFB /* GenericApi.swift in Sources */,
				13AC2983292D169800686AFB /* ViewController.swift in Sources */,
				13AC29A3292D1E0300686AFB /* PokemonEndpoint.swift in Sources */,
				13AC297F292D169800686AFB /* AppDelegate.swift in Sources */,
				13AC2998292D1AB000686AFB /* ApiService.swift in Sources */,
				13AC2981292D169800686AFB /* SceneDelegate.swift in Sources */,
				13AC2994292D198700686AFB /* DefaultApiQueryManager.swift in Sources */,
				13E4D0FD292D26E3008F48DF /* Model.swift in Sources */,
				13AC299D292D1C7D00686AFB /* Api.swift in Sources */,
				13AC299B292D1B1900686AFB /* AsyncHttpFetcher.swift in Sources */,
			);
			runOnlyForDeploymentPostprocessing = 0;
		};
/* End PBXSourcesBuildPhase section */

/* Begin PBXVariantGroup section */
		13AC2984292D169800686AFB /* Main.storyboard */ = {
			isa = PBXVariantGroup;
			children = (
				13AC2985292D169800686AFB /* Base */,
			);
			name = Main.storyboard;
			sourceTree = "<group>";
		};
		13AC2989292D169A00686AFB /* LaunchScreen.storyboard */ = {
			isa = PBXVariantGroup;
			children = (
				13AC298A292D169A00686AFB /* Base */,
			);
			name = LaunchScreen.storyboard;
			sourceTree = "<group>";
		};
/* End PBXVariantGroup section */

/* Begin XCBuildConfiguration section */
		13AC298D292D169A00686AFB /* Debug */ = {
			isa = XCBuildConfiguration;
			buildSettings = {
				ALWAYS_SEARCH_USER_PATHS = NO;
				CLANG_ANALYZER_NONNULL = YES;
				CLANG_ANALYZER_NUMBER_OBJECT_CONVERSION = YES_AGGRESSIVE;
				CLANG_CXX_LANGUAGE_STANDARD = "gnu++20";
				CLANG_ENABLE_MODULES = YES;
				CLANG_ENABLE_OBJC_ARC = YES;
				CLANG_ENABLE_OBJC_WEAK = YES;
				CLANG_WARN_BLOCK_CAPTURE_AUTORELEASING = YES;
				CLANG_WARN_BOOL_CONVERSION = YES;
				CLANG_WARN_COMMA = YES;
				CLANG_WARN_CONSTANT_CONVERSION = YES;
				CLANG_WARN_DEPRECATED_OBJC_IMPLEMENTATIONS = YES;
				CLANG_WARN_DIRECT_OBJC_ISA_USAGE = YES_ERROR;
				CLANG_WARN_DOCUMENTATION_COMMENTS = YES;
				CLANG_WARN_EMPTY_BODY = YES;
				CLANG_WARN_ENUM_CONVERSION = YES;
				CLANG_WARN_INFINITE_RECURSION = YES;
				CLANG_WARN_INT_CONVERSION = YES;
				CLANG_WARN_NON_LITERAL_NULL_CONVERSION = YES;
				CLANG_WARN_OBJC_IMPLICIT_RETAIN_SELF = YES;
				CLANG_WARN_OBJC_LITERAL_CONVERSION = YES;
				CLANG_WARN_OBJC_ROOT_CLASS = YES_ERROR;
				CLANG_WARN_QUOTED_INCLUDE_IN_FRAMEWORK_HEADER = YES;
				CLANG_WARN_RANGE_LOOP_ANALYSIS = YES;
				CLANG_WARN_STRICT_PROTOTYPES = YES;
				CLANG_WARN_SUSPICIOUS_MOVE = YES;
				CLANG_WARN_UNGUARDED_AVAILABILITY = YES_AGGRESSIVE;
				CLANG_WARN_UNREACHABLE_CODE = YES;
				CLANG_WARN__DUPLICATE_METHOD_MATCH = YES;
				COPY_PHASE_STRIP = NO;
				DEBUG_INFORMATION_FORMAT = dwarf;
				ENABLE_STRICT_OBJC_MSGSEND = YES;
				ENABLE_TESTABILITY = YES;
				GCC_C_LANGUAGE_STANDARD = gnu11;
				GCC_DYNAMIC_NO_PIC = NO;
				GCC_NO_COMMON_BLOCKS = YES;
				GCC_OPTIMIZATION_LEVEL = 0;
				GCC_PREPROCESSOR_DEFINITIONS = (
					"DEBUG=1",
					"$(inherited)",
				);
				GCC_WARN_64_TO_32_BIT_CONVERSION = YES;
				GCC_WARN_ABOUT_RETURN_TYPE = YES_ERROR;
				GCC_WARN_UNDECLARED_SELECTOR = YES;
				GCC_WARN_UNINITIALIZED_AUTOS = YES_AGGRESSIVE;
				GCC_WARN_UNUSED_FUNCTION = YES;
				GCC_WARN_UNUSED_VARIABLE = YES;
				IPHONEOS_DEPLOYMENT_TARGET = 16.1;
				MTL_ENABLE_DEBUG_INFO = INCLUDE_SOURCE;
				MTL_FAST_MATH = YES;
				ONLY_ACTIVE_ARCH = YES;
				SDKROOT = iphoneos;
				SWIFT_ACTIVE_COMPILATION_CONDITIONS = DEBUG;
				SWIFT_OPTIMIZATION_LEVEL = "-Onone";
			};
			name = Debug;
		};
		13AC298E292D169A00686AFB /* Release */ = {
			isa = XCBuildConfiguration;
			buildSettings = {
				ALWAYS_SEARCH_USER_PATHS = NO;
				CLANG_ANALYZER_NONNULL = YES;
				CLANG_ANALYZER_NUMBER_OBJECT_CONVERSION = YES_AGGRESSIVE;
				CLANG_CXX_LANGUAGE_STANDARD = "gnu++20";
				CLANG_ENABLE_MODULES = YES;
				CLANG_ENABLE_OBJC_ARC = YES;
				CLANG_ENABLE_OBJC_WEAK = YES;
				CLANG_WARN_BLOCK_CAPTURE_AUTORELEASING = YES;
				CLANG_WARN_BOOL_CONVERSION = YES;
				CLANG_WARN_COMMA = YES;
				CLANG_WARN_CONSTANT_CONVERSION = YES;
				CLANG_WARN_DEPRECATED_OBJC_IMPLEMENTATIONS = YES;
				CLANG_WARN_DIRECT_OBJC_ISA_USAGE = YES_ERROR;
				CLANG_WARN_DOCUMENTATION_COMMENTS = YES;
				CLANG_WARN_EMPTY_BODY = YES;
				CLANG_WARN_ENUM_CONVERSION = YES;
				CLANG_WARN_INFINITE_RECURSION = YES;
				CLANG_WARN_INT_CONVERSION = YES;
				CLANG_WARN_NON_LITERAL_NULL_CONVERSION = YES;
				CLANG_WARN_OBJC_IMPLICIT_RETAIN_SELF = YES;
				CLANG_WARN_OBJC_LITERAL_CONVERSION = YES;
				CLANG_WARN_OBJC_ROOT_CLASS = YES_ERROR;
				CLANG_WARN_QUOTED_INCLUDE_IN_FRAMEWORK_HEADER = YES;
				CLANG_WARN_RANGE_LOOP_ANALYSIS = YES;
				CLANG_WARN_STRICT_PROTOTYPES = YES;
				CLANG_WARN_SUSPICIOUS_MOVE = YES;
				CLANG_WARN_UNGUARDED_AVAILABILITY = YES_AGGRESSIVE;
				CLANG_WARN_UNREACHABLE_CODE = YES;
				CLANG_WARN__DUPLICATE_METHOD_MATCH = YES;
				COPY_PHASE_STRIP = NO;
				DEBUG_INFORMATION_FORMAT = "dwarf-with-dsym";
				ENABLE_NS_ASSERTIONS = NO;
				ENABLE_STRICT_OBJC_MSGSEND = YES;
				GCC_C_LANGUAGE_STANDARD = gnu11;
				GCC_NO_COMMON_BLOCKS = YES;
				GCC_WARN_64_TO_32_BIT_CONVERSION = YES;
				GCC_WARN_ABOUT_RETURN_TYPE = YES_ERROR;
				GCC_WARN_UNDECLARED_SELECTOR = YES;
				GCC_WARN_UNINITIALIZED_AUTOS = YES_AGGRESSIVE;
				GCC_WARN_UNUSED_FUNCTION = YES;
				GCC_WARN_UNUSED_VARIABLE = YES;
				IPHONEOS_DEPLOYMENT_TARGET = 16.1;
				MTL_ENABLE_DEBUG_INFO = NO;
				MTL_FAST_MATH = YES;
				SDKROOT = iphoneos;
				SWIFT_COMPILATION_MODE = wholemodule;
				SWIFT_OPTIMIZATION_LEVEL = "-O";
				VALIDATE_PRODUCT = YES;
			};
			name = Release;
		};
		13AC2990292D169A00686AFB /* Debug */ = {
			isa = XCBuildConfiguration;
			buildSettings = {
				ASSETCATALOG_COMPILER_APPICON_NAME = AppIcon;
				ASSETCATALOG_COMPILER_GLOBAL_ACCENT_COLOR_NAME = AccentColor;
				CODE_SIGN_STYLE = Automatic;
				CURRENT_PROJECT_VERSION = 1;
				GENERATE_INFOPLIST_FILE = YES;
				INFOPLIST_FILE = exampleApi/Info.plist;
				INFOPLIST_KEY_UIApplicationSupportsIndirectInputEvents = YES;
				INFOPLIST_KEY_UILaunchStoryboardName = LaunchScreen;
				INFOPLIST_KEY_UIMainStoryboardFile = Main;
				INFOPLIST_KEY_UISupportedInterfaceOrientations_iPad = "UIInterfaceOrientationPortrait UIInterfaceOrientationPortraitUpsideDown UIInterfaceOrientationLandscapeLeft UIInterfaceOrientationLandscapeRight";
				INFOPLIST_KEY_UISupportedInterfaceOrientations_iPhone = "UIInterfaceOrientationPortrait UIInterfaceOrientationLandscapeLeft UIInterfaceOrientationLandscapeRight";
				LD_RUNPATH_SEARCH_PATHS = (
					"$(inherited)",
					"@executable_path/Frameworks",
				);
				MARKETING_VERSION = 1.0;
				PRODUCT_BUNDLE_IDENTIFIER = MGProyect.exampleApi;
				PRODUCT_NAME = "$(TARGET_NAME)";
				SWIFT_EMIT_LOC_STRINGS = YES;
				SWIFT_VERSION = 5.0;
				TARGETED_DEVICE_FAMILY = "1,2";
			};
			name = Debug;
		};
		13AC2991292D169A00686AFB /* Release */ = {
			isa = XCBuildConfiguration;
			buildSettings = {
				ASSETCATALOG_COMPILER_APPICON_NAME = AppIcon;
				ASSETCATALOG_COMPILER_GLOBAL_ACCENT_COLOR_NAME = AccentColor;
				CODE_SIGN_STYLE = Automatic;
				CURRENT_PROJECT_VERSION = 1;
				GENERATE_INFOPLIST_FILE = YES;
				INFOPLIST_FILE = exampleApi/Info.plist;
				INFOPLIST_KEY_UIApplicationSupportsIndirectInputEvents = YES;
				INFOPLIST_KEY_UILaunchStoryboardName = LaunchScreen;
				INFOPLIST_KEY_UIMainStoryboardFile = Main;
				INFOPLIST_KEY_UISupportedInterfaceOrientations_iPad = "UIInterfaceOrientationPortrait UIInterfaceOrientationPortraitUpsideDown UIInterfaceOrientationLandscapeLeft UIInterfaceOrientationLandscapeRight";
				INFOPLIST_KEY_UISupportedInterfaceOrientations_iPhone = "UIInterfaceOrientationPortrait UIInterfaceOrientationLandscapeLeft UIInterfaceOrientationLandscapeRight";
				LD_RUNPATH_SEARCH_PATHS = (
					"$(inherited)",
					"@executable_path/Frameworks",
				);
				MARKETING_VERSION = 1.0;
				PRODUCT_BUNDLE_IDENTIFIER = MGProyect.exampleApi;
				PRODUCT_NAME = "$(TARGET_NAME)";
				SWIFT_EMIT_LOC_STRINGS = YES;
				SWIFT_VERSION = 5.0;
				TARGETED_DEVICE_FAMILY = "1,2";
			};
			name = Release;
		};
/* End XCBuildConfiguration section */

/* Begin XCConfigurationList section */
		13AC2976292D169800686AFB /* Build configuration list for PBXProject "exampleApi" */ = {
			isa = XCConfigurationList;
			buildConfigurations = (
				13AC298D292D169A00686AFB /* Debug */,
				13AC298E292D169A00686AFB /* Release */,
			);
			defaultConfigurationIsVisible = 0;
			defaultConfigurationName = Release;
		};
		13AC298F292D169A00686AFB /* Build configuration list for PBXNativeTarget "exampleApi" */ = {
			isa = XCConfigurationList;
			buildConfigurations = (
				13AC2990292D169A00686AFB /* Debug */,
				13AC2991292D169A00686AFB /* Release */,
			);
			defaultConfigurationIsVisible = 0;
			defaultConfigurationName = Release;
		};
/* End XCConfigurationList section */
	};
	rootObject = 13AC2973292D169800686AFB /* Project object */;
}
